
Microsoft Visual Studio Solution File, Format Version 12.00
# Visual Studio 15
VisualStudioVersion = 15.0.28307.421
MinimumVisualStudioVersion = 10.0.40219.1
Project("{FAE04EC0-301F-11D3-BF4B-00C04F79EFBC}") = "Forum", "Forum\Forum.csproj", "{70145974-76D6-40E3-B50F-0E59F118E652}"
EndProject
Global
	GlobalSection(SolutionConfigurationPlatforms) = preSolution
		Debug|Any CPU = Debug|Any CPU
		Release|Any CPU = Release|Any CPU
	EndGlobalSection
	GlobalSection(ProjectConfigurationPlatforms) = postSolution
		{70145974-76D6-40E3-B50F-0E59F118E652}.Debug|Any CPU.ActiveCfg = Debug|Any CPU
		{70145974-76D6-40E3-B50F-0E59F118E652}.Debug|Any CPU.Build.0 = Debug|Any CPU
		{70145974-76D6-40E3-B50F-0E59F118E652}.Release|Any CPU.ActiveCfg = Release|Any CPU
		{70145974-76D6-40E3-B50F-0E59F118E652}.Release|Any CPU.Build.0 = Release|Any CPU
	EndGlobalSection
	GlobalSection(SolutionProperties) = preSolution
		HideSolutionNode = FALSE
	EndGlobalSection
	GlobalSection(ExtensibilityGlobals) = postSolution
		SolutionGuid = {170A6D56-AD20-4AA9-BA54-C058DE41853F}
	EndGlobalSection
EndGlobal
